
Microsoft Visual Studio Solution File, Format Version 12.00
# Visual Studio Version 16
VisualStudioVersion = 16.0.31729.503
MinimumVisualStudioVersion = 10.0.40219.1
Project("{9A19103F-16F7-4668-BE54-9A1E7A4F7556}") = "expensereport-csharp", "expensereport-csharp\expensereport-csharp.csproj", "{4D670DD0-5E29-49CE-AFE9-F5C7ACDB89D0}"
EndProject
Project("{9A19103F-16F7-4668-BE54-9A1E7A4F7556}") = "expensereport-ut", "expensereport-ut\expensereport-ut.csproj", "{07C2B482-2F0F-4B66-9F09-9D9505C9466E}"
EndProject
Global
	GlobalSection(SolutionConfigurationPlatforms) = preSolution
		Debug|Any CPU = Debug|Any CPU
		Release|Any CPU = Release|Any CPU
	EndGlobalSection
	GlobalSection(ProjectConfigurationPlatforms) = postSolution
		{4D670DD0-5E29-49CE-AFE9-F5C7ACDB89D0}.Debug|Any CPU.ActiveCfg = Debug|Any CPU
		{4D670DD0-5E29-49CE-AFE9-F5C7ACDB89D0}.Debug|Any CPU.Build.0 = Debug|Any CPU
		{4D670DD0-5E29-49CE-AFE9-F5C7ACDB89D0}.Release|Any CPU.ActiveCfg = Release|Any CPU
		{4D670DD0-5E29-49CE-AFE9-F5C7ACDB89D0}.Release|Any CPU.Build.0 = Release|Any CPU
		{07C2B482-2F0F-4B66-9F09-9D9505C9466E}.Debug|Any CPU.ActiveCfg = Debug|Any CPU
		{07C2B482-2F0F-4B66-9F09-9D9505C9466E}.Debug|Any CPU.Build.0 = Debug|Any CPU
		{07C2B482-2F0F-4B66-9F09-9D9505C9466E}.Release|Any CPU.ActiveCfg = Release|Any CPU
		{07C2B482-2F0F-4B66-9F09-9D9505C9466E}.Release|Any CPU.Build.0 = Release|Any CPU
	EndGlobalSection
	GlobalSection(SolutionProperties) = preSolution
		HideSolutionNode = FALSE
	EndGlobalSection
	GlobalSection(ExtensibilityGlobals) = postSolution
		SolutionGuid = {D8E57AC7-4260-4074-A137-17A1F45B7713}
	EndGlobalSection
EndGlobal
